
Microsoft Visual Studio Solution File, Format Version 12.00
# Visual Studio Version 16
VisualStudioVersion = 16.0.32228.343
MinimumVisualStudioVersion = 10.0.40219.1
Project("{FAE04EC0-301F-11D3-BF4B-00C04F79EFBC}") = "CustomersDataMaintain", "CustomersDataMaintain.csproj", "{2D02FF72-A560-44F5-884F-27D754180AD1}"
EndProject
Project("{54435603-DBB4-11D2-8724-00A0C9A8B90C}") = "逾期数据维护", "..\..\..\CustomersDataMaintain\逾期数据维护\逾期数据维护.vdproj", "{8E11D8AD-2F76-41FE-B178-907E7A025C10}"
EndProject
Global
	GlobalSection(SolutionConfigurationPlatforms) = preSolution
		Debug|Any CPU = Debug|Any CPU
		Release|Any CPU = Release|Any CPU
	EndGlobalSection
	GlobalSection(ProjectConfigurationPlatforms) = postSolution
		{2D02FF72-A560-44F5-884F-27D754180AD1}.Debug|Any CPU.ActiveCfg = Debug|Any CPU
		{2D02FF72-A560-44F5-884F-27D754180AD1}.Debug|Any CPU.Build.0 = Debug|Any CPU
		{2D02FF72-A560-44F5-884F-27D754180AD1}.Release|Any CPU.ActiveCfg = Release|Any CPU
		{2D02FF72-A560-44F5-884F-27D754180AD1}.Release|Any CPU.Build.0 = Release|Any CPU
		{8E11D8AD-2F76-41FE-B178-907E7A025C10}.Debug|Any CPU.ActiveCfg = Debug
		{8E11D8AD-2F76-41FE-B178-907E7A025C10}.Release|Any CPU.ActiveCfg = Release
	EndGlobalSection
	GlobalSection(SolutionProperties) = preSolution
		HideSolutionNode = FALSE
	EndGlobalSection
	GlobalSection(ExtensibilityGlobals) = postSolution
		SolutionGuid = {94533E3A-E668-4996-9BEF-7F4811F6AC0B}
	EndGlobalSection
EndGlobal
